# Generated by pub
# See http://pub.dartlang.org/doc/glossary.html#lockfile
packages:
  analyzer:
    description:
      name: analyzer
      url: "https://pub.dartlang.org"
    source: hosted
    version: "0.27.6"
  args:
    description: args
    source: hosted
    version: "0.13.4+2"
  async:
    description: async
    source: hosted
    version: "1.11.0"
  barback:
    description: barback
    source: hosted
    version: "0.15.2+8"
  browser:
    description: browser
    source: hosted
    version: "0.10.0+2"
  charcode:
    description:
      name: charcode
      url: "https://pub.dartlang.org"
    source: hosted
    version: "1.1.0"
  collection:
    description: collection
    source: hosted
    version: "1.9.0"
  convert:
    description:
      name: convert
      url: "https://pub.dartlang.org"
    source: hosted
    version: "2.0.1"
  crypto:
    description:
      name: crypto
      url: "https://pub.dartlang.org"
    source: hosted
    version: "2.0.1"
  csslib:
    description: csslib
    source: hosted
    version: "0.13.2"
  dart_to_js_script_rewriter:
    description: dart_to_js_script_rewriter
    source: hosted
    version: "1.0.1"
  glob:
    description:
      name: glob
      url: "https://pub.dartlang.org"
    source: hosted
    version: "1.1.3"
  html:
    description: html
    source: hosted
    version: "0.12.2+2"
  intl:
    description:
      name: intl
      url: "https://pub.dartlang.org"
    source: hosted
    version: "0.13.0"
  isolate:
    description:
      name: isolate
      url: "https://pub.dartlang.org"
    source: hosted
    version: "0.2.3"
  logging:
    description: logging
    source: hosted
    version: "0.11.3"
  package_config:
    description:
      name: package_config
      url: "https://pub.dartlang.org"
    source: hosted
    version: "1.0.0"
  path:
    description: path
    source: hosted
    version: "1.3.9"
  petitparser:
    description:
      name: petitparser
      url: "https://pub.dartlang.org"
    source: hosted
    version: "1.5.3"
  plugin:
    description:
      name: plugin
      url: "https://pub.dartlang.org"
    source: hosted
    version: "0.2.0"
  pool:
    description: pool
    source: hosted
    version: "1.2.4"
  source_span:
    description: source_span
    source: hosted
    version: "1.2.3"
  stack_trace:
    description: stack_trace
    source: hosted
    version: "1.6.0"
  string_scanner:
    description:
      name: string_scanner
      url: "https://pub.dartlang.org"
    source: hosted
    version: "1.0.0"
  typed_data:
    description:
      name: typed_data
      url: "https://pub.dartlang.org"
    source: hosted
    version: "1.1.3"
  utf:
    description: utf
    source: hosted
    version: "0.9.0+3"
  watcher:
    description:
      name: watcher
      url: "https://pub.dartlang.org"
    source: hosted
    version: "0.9.7+3"
  yaml:
    description:
      name: yaml
      url: "https://pub.dartlang.org"
    source: hosted
    version: "2.1.10"
sdk: ">=1.17.0-dev.6.2 <2.0.0"
